# This file is automatically @generated by Cargo.
# It is not intended for manual editing.
version = 4

[[package]]
name = "silica-bitmap"
version = "0.1.0"

[[package]]
name = "silica-oracles"
version = "0.1.0"

[[package]]
name = "silica-sweep"
version = "0.1.0"
dependencies = [
 "silica-bitmap",
 "silica-oracles",
]
